
Microsoft Visual Studio Solution File, Format Version 12.00
# Visual Studio Version 17
VisualStudioVersion = 17.3.32825.248
MinimumVisualStudioVersion = 10.0.40219.1
Project("{9A19103F-16F7-4668-BE54-9A1E7A4F7556}") = "DuplicateCharacterFinder", "DuplicateCharacterFinder\DuplicateCharacterFinder.csproj", "{F9867584-29AA-4B52-9650-07D8791A6764}"
EndProject
Project("{FAE04EC0-301F-11D3-BF4B-00C04F79EFBC}") = "FindSpecialMultiples", "FindSpecialMultiples\FindSpecialMultiples.csproj", "{815F64C1-C43D-4F58-9095-396FE6CB982F}"
EndProject
Global
	GlobalSection(SolutionConfigurationPlatforms) = preSolution
		Debug|Any CPU = Debug|Any CPU
		Release|Any CPU = Release|Any CPU
	EndGlobalSection
	GlobalSection(ProjectConfigurationPlatforms) = postSolution
		{F9867584-29AA-4B52-9650-07D8791A6764}.Debug|Any CPU.ActiveCfg = Debug|Any CPU
		{F9867584-29AA-4B52-9650-07D8791A6764}.Debug|Any CPU.Build.0 = Debug|Any CPU
		{F9867584-29AA-4B52-9650-07D8791A6764}.Release|Any CPU.ActiveCfg = Release|Any CPU
		{F9867584-29AA-4B52-9650-07D8791A6764}.Release|Any CPU.Build.0 = Release|Any CPU
		{815F64C1-C43D-4F58-9095-396FE6CB982F}.Debug|Any CPU.ActiveCfg = Debug|Any CPU
		{815F64C1-C43D-4F58-9095-396FE6CB982F}.Debug|Any CPU.Build.0 = Debug|Any CPU
		{815F64C1-C43D-4F58-9095-396FE6CB982F}.Release|Any CPU.ActiveCfg = Release|Any CPU
		{815F64C1-C43D-4F58-9095-396FE6CB982F}.Release|Any CPU.Build.0 = Release|Any CPU
	EndGlobalSection
	GlobalSection(SolutionProperties) = preSolution
		HideSolutionNode = FALSE
	EndGlobalSection
	GlobalSection(ExtensibilityGlobals) = postSolution
		SolutionGuid = {E80F7950-9F8C-4771-A301-72EF56CBA298}
	EndGlobalSection
EndGlobal
